{
  "requires": true,
  "lockfileVersion": 1,
  "dependencies": {
    "unpoly": {
      "version": "0.62.1",
      "resolved": "https://registry.npmjs.org/unpoly/-/unpoly-0.62.1.tgz",
      "integrity": "sha512-o9vlE09weFv176U7CWt7/KLO4vPSq1t1aYuAH9HVFKZ6favlfcQ2dy+GVjIANuyDg3joqrz01lNRMulOmCvMJw=="
    },
    "yarn": {
      "version": "1.22.10",
      "resolved": "https://registry.npmjs.org/yarn/-/yarn-1.22.10.tgz",
      "integrity": "sha512-IanQGI9RRPAN87VGTF7zs2uxkSyQSrSPsju0COgbsKQOOXr5LtcVPeyXWgwVa0ywG3d8dg6kSYKGBuYK021qeA=="
    }
  }
}
